
Microsoft Visual Studio Solution File, Format Version 12.00
Project("{FAE04EC0-301F-11D3-BF4B-00C04F79EFBC}") = "progra_1_backend_project", "progra_1_backend_project\progra_1_backend_project.csproj", "{59915623-492C-4D18-82DB-571D9A916927}"
EndProject
Global
	GlobalSection(SolutionConfigurationPlatforms) = preSolution
		Debug|Any CPU = Debug|Any CPU
		Release|Any CPU = Release|Any CPU
	EndGlobalSection
	GlobalSection(ProjectConfigurationPlatforms) = postSolution
		{59915623-492C-4D18-82DB-571D9A916927}.Debug|Any CPU.ActiveCfg = Debug|Any CPU
		{59915623-492C-4D18-82DB-571D9A916927}.Debug|Any CPU.Build.0 = Debug|Any CPU
		{59915623-492C-4D18-82DB-571D9A916927}.Release|Any CPU.ActiveCfg = Release|Any CPU
		{59915623-492C-4D18-82DB-571D9A916927}.Release|Any CPU.Build.0 = Release|Any CPU
	EndGlobalSection
EndGlobal
